
Microsoft Visual Studio Solution File, Format Version 12.00
# Visual Studio Version 17
VisualStudioVersion = 17.5.002.0
MinimumVisualStudioVersion = 10.0.40219.1
Project("{9A19103F-16F7-4668-BE54-9A1E7A4F7556}") = "LXABAITHILAI", "LXABAITHILAI.csproj", "{A07378A0-7ACB-4CF1-AE18-F640E000CADD}"
EndProject
Global
	GlobalSection(SolutionConfigurationPlatforms) = preSolution
		Debug|Any CPU = Debug|Any CPU
		Release|Any CPU = Release|Any CPU
	EndGlobalSection
	GlobalSection(ProjectConfigurationPlatforms) = postSolution
		{A07378A0-7ACB-4CF1-AE18-F640E000CADD}.Debug|Any CPU.ActiveCfg = Debug|Any CPU
		{A07378A0-7ACB-4CF1-AE18-F640E000CADD}.Debug|Any CPU.Build.0 = Debug|Any CPU
		{A07378A0-7ACB-4CF1-AE18-F640E000CADD}.Release|Any CPU.ActiveCfg = Release|Any CPU
		{A07378A0-7ACB-4CF1-AE18-F640E000CADD}.Release|Any CPU.Build.0 = Release|Any CPU
	EndGlobalSection
	GlobalSection(SolutionProperties) = preSolution
		HideSolutionNode = FALSE
	EndGlobalSection
	GlobalSection(ExtensibilityGlobals) = postSolution
		SolutionGuid = {D7941BBC-35FB-40FD-8BFE-4E6FE7891DC3}
	EndGlobalSection
EndGlobal
